
Microsoft Visual Studio Solution File, Format Version 12.00
# Visual Studio 15
VisualStudioVersion = 15.0.26124.0
MinimumVisualStudioVersion = 15.0.26124.0
Project("{FAE04EC0-301F-11D3-BF4B-00C04F79EFBC}") = "DAL", "DAL\DAL.csproj", "{5815201B-047F-408D-B0BA-4761F7C1FA2D}"
EndProject
Project("{FAE04EC0-301F-11D3-BF4B-00C04F79EFBC}") = "Models", "Models\Models.csproj", "{09D2CEB7-C251-4945-9736-6AC06BDDD17D}"
EndProject
Project("{FAE04EC0-301F-11D3-BF4B-00C04F79EFBC}") = "Services", "Services\Services.csproj", "{1417ABCB-3C0D-47B9-991E-047A6746565D}"
EndProject
Project("{FAE04EC0-301F-11D3-BF4B-00C04F79EFBC}") = "WebAPI", "WebAPI\WebAPI.csproj", "{2931CACC-5E5F-4B08-A7CF-EBD4D4ECF64C}"
EndProject
Global
	GlobalSection(SolutionConfigurationPlatforms) = preSolution
		Debug|Any CPU = Debug|Any CPU
		Debug|x64 = Debug|x64
		Debug|x86 = Debug|x86
		Release|Any CPU = Release|Any CPU
		Release|x64 = Release|x64
		Release|x86 = Release|x86
	EndGlobalSection
	GlobalSection(SolutionProperties) = preSolution
		HideSolutionNode = FALSE
	EndGlobalSection
	GlobalSection(ProjectConfigurationPlatforms) = postSolution
		{5815201B-047F-408D-B0BA-4761F7C1FA2D}.Debug|Any CPU.ActiveCfg = Debug|Any CPU
		{5815201B-047F-408D-B0BA-4761F7C1FA2D}.Debug|Any CPU.Build.0 = Debug|Any CPU
		{5815201B-047F-408D-B0BA-4761F7C1FA2D}.Debug|x64.ActiveCfg = Debug|Any CPU
		{5815201B-047F-408D-B0BA-4761F7C1FA2D}.Debug|x64.Build.0 = Debug|Any CPU
		{5815201B-047F-408D-B0BA-4761F7C1FA2D}.Debug|x86.ActiveCfg = Debug|Any CPU
		{5815201B-047F-408D-B0BA-4761F7C1FA2D}.Debug|x86.Build.0 = Debug|Any CPU
		{5815201B-047F-408D-B0BA-4761F7C1FA2D}.Release|Any CPU.ActiveCfg = Release|Any CPU
		{5815201B-047F-408D-B0BA-4761F7C1FA2D}.Release|Any CPU.Build.0 = Release|Any CPU
		{5815201B-047F-408D-B0BA-4761F7C1FA2D}.Release|x64.ActiveCfg = Release|Any CPU
		{5815201B-047F-408D-B0BA-4761F7C1FA2D}.Release|x64.Build.0 = Release|Any CPU
		{5815201B-047F-408D-B0BA-4761F7C1FA2D}.Release|x86.ActiveCfg = Release|Any CPU
		{5815201B-047F-408D-B0BA-4761F7C1FA2D}.Release|x86.Build.0 = Release|Any CPU
		{09D2CEB7-C251-4945-9736-6AC06BDDD17D}.Debug|Any CPU.ActiveCfg = Debug|Any CPU
		{09D2CEB7-C251-4945-9736-6AC06BDDD17D}.Debug|Any CPU.Build.0 = Debug|Any CPU
		{09D2CEB7-C251-4945-9736-6AC06BDDD17D}.Debug|x64.ActiveCfg = Debug|Any CPU
		{09D2CEB7-C251-4945-9736-6AC06BDDD17D}.Debug|x64.Build.0 = Debug|Any CPU
		{09D2CEB7-C251-4945-9736-6AC06BDDD17D}.Debug|x86.ActiveCfg = Debug|Any CPU
		{09D2CEB7-C251-4945-9736-6AC06BDDD17D}.Debug|x86.Build.0 = Debug|Any CPU
		{09D2CEB7-C251-4945-9736-6AC06BDDD17D}.Release|Any CPU.ActiveCfg = Release|Any CPU
		{09D2CEB7-C251-4945-9736-6AC06BDDD17D}.Release|Any CPU.Build.0 = Release|Any CPU
		{09D2CEB7-C251-4945-9736-6AC06BDDD17D}.Release|x64.ActiveCfg = Release|Any CPU
		{09D2CEB7-C251-4945-9736-6AC06BDDD17D}.Release|x64.Build.0 = Release|Any CPU
		{09D2CEB7-C251-4945-9736-6AC06BDDD17D}.Release|x86.ActiveCfg = Release|Any CPU
		{09D2CEB7-C251-4945-9736-6AC06BDDD17D}.Release|x86.Build.0 = Release|Any CPU
		{1417ABCB-3C0D-47B9-991E-047A6746565D}.Debug|Any CPU.ActiveCfg = Debug|Any CPU
		{1417ABCB-3C0D-47B9-991E-047A6746565D}.Debug|Any CPU.Build.0 = Debug|Any CPU
		{1417ABCB-3C0D-47B9-991E-047A6746565D}.Debug|x64.ActiveCfg = Debug|Any CPU
		{1417ABCB-3C0D-47B9-991E-047A6746565D}.Debug|x64.Build.0 = Debug|Any CPU
		{1417ABCB-3C0D-47B9-991E-047A6746565D}.Debug|x86.ActiveCfg = Debug|Any CPU
		{1417ABCB-3C0D-47B9-991E-047A6746565D}.Debug|x86.Build.0 = Debug|Any CPU
		{1417ABCB-3C0D-47B9-991E-047A6746565D}.Release|Any CPU.ActiveCfg = Release|Any CPU
		{1417ABCB-3C0D-47B9-991E-047A6746565D}.Release|Any CPU.Build.0 = Release|Any CPU
		{1417ABCB-3C0D-47B9-991E-047A6746565D}.Release|x64.ActiveCfg = Release|Any CPU
		{1417ABCB-3C0D-47B9-991E-047A6746565D}.Release|x64.Build.0 = Release|Any CPU
		{1417ABCB-3C0D-47B9-991E-047A6746565D}.Release|x86.ActiveCfg = Release|Any CPU
		{1417ABCB-3C0D-47B9-991E-047A6746565D}.Release|x86.Build.0 = Release|Any CPU
		{2931CACC-5E5F-4B08-A7CF-EBD4D4ECF64C}.Debug|Any CPU.ActiveCfg = Debug|Any CPU
		{2931CACC-5E5F-4B08-A7CF-EBD4D4ECF64C}.Debug|Any CPU.Build.0 = Debug|Any CPU
		{2931CACC-5E5F-4B08-A7CF-EBD4D4ECF64C}.Debug|x64.ActiveCfg = Debug|Any CPU
		{2931CACC-5E5F-4B08-A7CF-EBD4D4ECF64C}.Debug|x64.Build.0 = Debug|Any CPU
		{2931CACC-5E5F-4B08-A7CF-EBD4D4ECF64C}.Debug|x86.ActiveCfg = Debug|Any CPU
		{2931CACC-5E5F-4B08-A7CF-EBD4D4ECF64C}.Debug|x86.Build.0 = Debug|Any CPU
		{2931CACC-5E5F-4B08-A7CF-EBD4D4ECF64C}.Release|Any CPU.ActiveCfg = Release|Any CPU
		{2931CACC-5E5F-4B08-A7CF-EBD4D4ECF64C}.Release|Any CPU.Build.0 = Release|Any CPU
		{2931CACC-5E5F-4B08-A7CF-EBD4D4ECF64C}.Release|x64.ActiveCfg = Release|Any CPU
		{2931CACC-5E5F-4B08-A7CF-EBD4D4ECF64C}.Release|x64.Build.0 = Release|Any CPU
		{2931CACC-5E5F-4B08-A7CF-EBD4D4ECF64C}.Release|x86.ActiveCfg = Release|Any CPU
		{2931CACC-5E5F-4B08-A7CF-EBD4D4ECF64C}.Release|x86.Build.0 = Release|Any CPU
	EndGlobalSection
EndGlobal
