
Microsoft Visual Studio Solution File, Format Version 12.00
# Visual Studio 15
VisualStudioVersion = 15.0.27703.2000
MinimumVisualStudioVersion = 10.0.40219.1
Project("{FAE04EC0-301F-11D3-BF4B-00C04F79EFBC}") = "StoreAPI", "StoreAPI\StoreAPI.csproj", "{9CF6D934-2A9D-457F-A143-4F024AF66227}"
EndProject
Global
	GlobalSection(SolutionConfigurationPlatforms) = preSolution
		Debug|Any CPU = Debug|Any CPU
		Release|Any CPU = Release|Any CPU
	EndGlobalSection
	GlobalSection(ProjectConfigurationPlatforms) = postSolution
		{9CF6D934-2A9D-457F-A143-4F024AF66227}.Debug|Any CPU.ActiveCfg = Debug|Any CPU
		{9CF6D934-2A9D-457F-A143-4F024AF66227}.Debug|Any CPU.Build.0 = Debug|Any CPU
		{9CF6D934-2A9D-457F-A143-4F024AF66227}.Release|Any CPU.ActiveCfg = Release|Any CPU
		{9CF6D934-2A9D-457F-A143-4F024AF66227}.Release|Any CPU.Build.0 = Release|Any CPU
	EndGlobalSection
	GlobalSection(SolutionProperties) = preSolution
		HideSolutionNode = FALSE
	EndGlobalSection
	GlobalSection(ExtensibilityGlobals) = postSolution
		SolutionGuid = {6452740E-3EBE-4F71-BAA1-BC7AC58FC74B}
	EndGlobalSection
EndGlobal
